
Microsoft Visual Studio Solution File, Format Version 12.00
# Visual Studio Version 16
VisualStudioVersion = 16.0.31702.278
MinimumVisualStudioVersion = 10.0.40219.1
Project("{FAE04EC0-301F-11D3-BF4B-00C04F79EFBC}") = "FinancialChat", "FinancialChat\FinancialChat.csproj", "{E3A80CB9-D8ED-4933-9F10-2788F6F2EFC1}"
EndProject
Project("{FAE04EC0-301F-11D3-BF4B-00C04F79EFBC}") = "StockService", "StockService\StockService.csproj", "{16C535FB-F9CC-478C-B1ED-141ADAF1BF2A}"
EndProject
Project("{FAE04EC0-301F-11D3-BF4B-00C04F79EFBC}") = "TestChat", "TestChat\TestChat.csproj", "{DA162271-55E2-415A-B0B0-0FBBE7554C53}"
EndProject
Global
	GlobalSection(SolutionConfigurationPlatforms) = preSolution
		Debug|Any CPU = Debug|Any CPU
		Release|Any CPU = Release|Any CPU
	EndGlobalSection
	GlobalSection(ProjectConfigurationPlatforms) = postSolution
		{E3A80CB9-D8ED-4933-9F10-2788F6F2EFC1}.Debug|Any CPU.ActiveCfg = Debug|Any CPU
		{E3A80CB9-D8ED-4933-9F10-2788F6F2EFC1}.Debug|Any CPU.Build.0 = Debug|Any CPU
		{E3A80CB9-D8ED-4933-9F10-2788F6F2EFC1}.Release|Any CPU.ActiveCfg = Release|Any CPU
		{E3A80CB9-D8ED-4933-9F10-2788F6F2EFC1}.Release|Any CPU.Build.0 = Release|Any CPU
		{16C535FB-F9CC-478C-B1ED-141ADAF1BF2A}.Debug|Any CPU.ActiveCfg = Debug|Any CPU
		{16C535FB-F9CC-478C-B1ED-141ADAF1BF2A}.Debug|Any CPU.Build.0 = Debug|Any CPU
		{16C535FB-F9CC-478C-B1ED-141ADAF1BF2A}.Release|Any CPU.ActiveCfg = Release|Any CPU
		{16C535FB-F9CC-478C-B1ED-141ADAF1BF2A}.Release|Any CPU.Build.0 = Release|Any CPU
		{DA162271-55E2-415A-B0B0-0FBBE7554C53}.Debug|Any CPU.ActiveCfg = Debug|Any CPU
		{DA162271-55E2-415A-B0B0-0FBBE7554C53}.Debug|Any CPU.Build.0 = Debug|Any CPU
		{DA162271-55E2-415A-B0B0-0FBBE7554C53}.Release|Any CPU.ActiveCfg = Release|Any CPU
		{DA162271-55E2-415A-B0B0-0FBBE7554C53}.Release|Any CPU.Build.0 = Release|Any CPU
	EndGlobalSection
	GlobalSection(SolutionProperties) = preSolution
		HideSolutionNode = FALSE
	EndGlobalSection
	GlobalSection(ExtensibilityGlobals) = postSolution
		SolutionGuid = {A0FFE8F8-3F86-4B14-A5AF-D277D6C9F455}
	EndGlobalSection
EndGlobal
